{
  "name": "niles",
  "version": "2.1.0",
  "lockfileVersion": 1,
  "requires": true,
  "dependencies": {
    "@discordjs/collection": {
      "version": "0.1.5",
      "resolved": "https://registry.npmjs.org/@discordjs/collection/-/collection-0.1.5.tgz",
      "integrity": "sha512-CU1q0UXQUpFNzNB7gufgoisDHP7n+T3tkqTsp3MNUkVJ5+hS3BCvME8uCXAUFlz+6T2FbTCu75A+yQ7HMKqRKw=="
    },
    "@discordjs/form-data": {
      "version": "3.0.1",
      "resolved": "https://registry.npmjs.org/@discordjs/form-data/-/form-data-3.0.1.tgz",
      "integrity": "sha512-ZfFsbgEXW71Rw/6EtBdrP5VxBJy4dthyC0tpQKGKmYFImlmmrykO14Za+BiIVduwjte0jXEBlhSKf0MWbFp9Eg==",
      "requires": {
        "asynckit": "^0.4.0",
        "combined-stream": "^1.0.8",
        "mime-types": "^2.1.12"
      },
      "dependencies": {
        "combined-stream": {
          "version": "1.0.8",
          "resolved": "https://registry.npmjs.org/combined-stream/-/combined-stream-1.0.8.tgz",
          "integrity": "sha512-FQN4MRfuJeHf7cBbBMJFXhKSDq+2kAArBlmRBvcvFE5BB1HZKXtSFASDhdlz9zOYwxh8lDdnvmMOe/+5cdoEdg==",
          "requires": {
            "delayed-stream": "~1.0.0"
          }
        }
      }
    },
    "abort-controller": {
      "version": "3.0.0",
      "resolved": "https://registry.npmjs.org/abort-controller/-/abort-controller-3.0.0.tgz",
      "integrity": "sha512-h8lQ8tacZYnR3vNQTgibj+tODHI5/+l06Au2Pcriv/Gmet0eaj4TwWH41sO9wnHDiQsEj19q0drzdWdeAHtweg==",
      "requires": {
        "event-target-shim": "^5.0.0"
      }
    },
    "ajv": {
      "version": "4.11.8",
      "resolved": "https://registry.npmjs.org/ajv/-/ajv-4.11.8.tgz",
      "integrity": "sha1-gv+wKynmYq5TvcIK8VlHcGc5xTY=",
      "requires": {
        "co": "^4.6.0",
        "json-stable-stringify": "^1.0.1"
      }
    },
    "ansi-regex": {
      "version": "2.1.1",
      "resolved": "https://registry.npmjs.org/ansi-regex/-/ansi-regex-2.1.1.tgz",
      "integrity": "sha1-w7M6te42DYbg5ijwRorn7yfWVN8="
    },
    "asn1": {
      "version": "0.2.4",
      "resolved": "https://registry.npmjs.org/asn1/-/asn1-0.2.4.tgz",
      "integrity": "sha512-jxwzQpLQjSmWXgwaCZE9Nz+glAG01yF1QnWgbhGwHI5A6FRIEY6IVqtHhIepHqI7/kyEyQEagBC5mBEFlIYvdg==",
      "requires": {
        "safer-buffer": "~2.1.0"
      }
    },
    "assert-plus": {
      "version": "0.2.0",
      "resolved": "https://registry.npmjs.org/assert-plus/-/assert-plus-0.2.0.tgz",
      "integrity": "sha1-104bh+ev/A24qttwIfP+SBAasjQ="
    },
    "asynckit": {
      "version": "0.4.0",
      "resolved": "https://registry.npmjs.org/asynckit/-/asynckit-0.4.0.tgz",
      "integrity": "sha1-x57Zf380y48robyXkLzDZkdLS3k="
    },
    "aws-sign2": {
      "version": "0.6.0",
      "resolved": "https://registry.npmjs.org/aws-sign2/-/aws-sign2-0.6.0.tgz",
      "integrity": "sha1-FDQt0428yU0OW4fXY81jYSwOeU8="
    },
    "aws4": {
      "version": "1.6.0",
      "resolved": "https://registry.npmjs.org/aws4/-/aws4-1.6.0.tgz",
      "integrity": "sha1-g+9cqGCysy5KDe7e6MdxudtXRx4="
    },
    "bcrypt-pbkdf": {
      "version": "1.0.2",
      "resolved": "https://registry.npmjs.org/bcrypt-pbkdf/-/bcrypt-pbkdf-1.0.2.tgz",
      "integrity": "sha1-pDAdOJtqQ/m2f/PKEaP2Y342Dp4=",
      "requires": {
        "tweetnacl": "^0.14.3"
      }
    },
    "bluebird": {
      "version": "3.7.2",
      "resolved": "https://registry.npmjs.org/bluebird/-/bluebird-3.7.2.tgz",
      "integrity": "sha512-XpNj6GDQzdfW+r2Wnn7xiSAd7TM3jzkxGXBGTtWKuSXv1xUV+azxAm8jdWZN06QTQk+2N2XB9jRDkvbmQmcRtg=="
    },
    "boom": {
      "version": "2.10.1",
      "resolved": "https://registry.npmjs.org/boom/-/boom-2.10.1.tgz",
      "integrity": "sha1-OciRjO/1eZ+D+UkqhI9iWt0Mdm8=",
      "requires": {
        "hoek": "2.x.x"
      }
    },
    "caseless": {
      "version": "0.12.0",
      "resolved": "https://registry.npmjs.org/caseless/-/caseless-0.12.0.tgz",
      "integrity": "sha1-G2gcIf+EAzyCZUMJBolCDRhxUdw="
    },
    "clone": {
      "version": "1.0.2",
      "resolved": "https://registry.npmjs.org/clone/-/clone-1.0.2.tgz",
      "integrity": "sha1-Jgt6meux7f4kdTgXX3gyQ8sZ0Uk="
    },
    "co": {
      "version": "4.6.0",
      "resolved": "https://registry.npmjs.org/co/-/co-4.6.0.tgz",
      "integrity": "sha1-bqa989hTrlTMuOR7+gvz+QMfsYQ="
    },
    "columnify": {
      "version": "1.5.4",
      "resolved": "https://registry.npmjs.org/columnify/-/columnify-1.5.4.tgz",
      "integrity": "sha1-Rzfd8ce2mop8NAVweC6UfuyOeLs=",
      "requires": {
        "strip-ansi": "^3.0.0",
        "wcwidth": "^1.0.0"
      }
    },
    "combined-stream": {
      "version": "1.0.5",
      "resolved": "https://registry.npmjs.org/combined-stream/-/combined-stream-1.0.5.tgz",
      "integrity": "sha1-k4NwpXtKUd6ix3wV1cX9+JUWQAk=",
      "requires": {
        "delayed-stream": "~1.0.0"
      }
    },
    "cryptiles": {
      "version": "2.0.5",
      "resolved": "https://registry.npmjs.org/cryptiles/-/cryptiles-2.0.5.tgz",
      "integrity": "sha1-O9/s3GCBR8HGcgL6KR59ylnqo7g=",
      "requires": {
        "boom": "2.x.x"
      }
    },
    "dashdash": {
      "version": "1.14.1",
      "resolved": "https://registry.npmjs.org/dashdash/-/dashdash-1.14.1.tgz",
      "integrity": "sha1-hTz6D3y+L+1d4gMmuN1YEDX24vA=",
      "requires": {
        "assert-plus": "^1.0.0"
      },
      "dependencies": {
        "assert-plus": {
          "version": "1.0.0",
          "resolved": "https://registry.npmjs.org/assert-plus/-/assert-plus-1.0.0.tgz",
          "integrity": "sha1-8S4PPF13sLHN2RRpQuTpbB5N1SU="
        }
      }
    },
    "debug": {
      "version": "2.6.9",
      "resolved": "https://registry.npmjs.org/debug/-/debug-2.6.9.tgz",
      "integrity": "sha512-bC7ElrdJaJnPbAP+1EotYvqZsb3ecl5wi6Bfi6BJTUcNowp6cvspg0jXznRTKDjm/E7AdgFBVeAPVMNcKGsHMA==",
      "requires": {
        "ms": "2.0.0"
      }
    },
    "defaults": {
      "version": "1.0.3",
      "resolved": "https://registry.npmjs.org/defaults/-/defaults-1.0.3.tgz",
      "integrity": "sha1-xlYFHpgX2f8I7YgUd/P+QBnz730=",
      "requires": {
        "clone": "^1.0.2"
      }
    },
    "delayed-stream": {
      "version": "1.0.0",
      "resolved": "https://registry.npmjs.org/delayed-stream/-/delayed-stream-1.0.0.tgz",
      "integrity": "sha1-3zrhmayt+31ECqrgsp4icrJOxhk="
    },
    "discord.js": {
      "version": "12.2.0",
      "resolved": "https://registry.npmjs.org/discord.js/-/discord.js-12.2.0.tgz",
      "integrity": "sha512-Ueb/0SOsxXyqwvwFYFe0msMrGqH1OMqpp2Dpbplnlr4MzcRrFWwsBM9gKNZXPVBHWUKiQkwU8AihXBXIvTTSvg==",
      "requires": {
        "@discordjs/collection": "^0.1.5",
        "@discordjs/form-data": "^3.0.1",
        "abort-controller": "^3.0.0",
        "node-fetch": "^2.6.0",
        "prism-media": "^1.2.0",
        "setimmediate": "^1.0.5",
        "tweetnacl": "^1.0.3",
        "ws": "^7.2.1"
      },
      "dependencies": {
        "tweetnacl": {
          "version": "1.0.3",
          "resolved": "https://registry.npmjs.org/tweetnacl/-/tweetnacl-1.0.3.tgz",
          "integrity": "sha512-6rt+RN7aOi1nGMyC4Xa5DdYiukl2UWCbcJft7YhxReBGQD7OAM8Pbxw6YMo4r2diNEA8FEmu32YOn9rhaiE5yw=="
        }
      }
    },
    "ecc-jsbn": {
      "version": "0.1.2",
      "resolved": "https://registry.npmjs.org/ecc-jsbn/-/ecc-jsbn-0.1.2.tgz",
      "integrity": "sha1-OoOpBOVDUyh4dMVkt1SThoSamMk=",
      "requires": {
        "jsbn": "~0.1.0",
        "safer-buffer": "^2.1.0"
      }
    },
    "event-target-shim": {
      "version": "5.0.1",
      "resolved": "https://registry.npmjs.org/event-target-shim/-/event-target-shim-5.0.1.tgz",
      "integrity": "sha512-i/2XbnSz/uxRCU6+NdVJgKWDTM427+MqYbkQzD321DuCQJUqOuJKIA0IM2+W2xtYHdKOmZ4dR6fExsd4SXL+WQ=="
    },
    "extend": {
      "version": "3.0.2",
      "resolved": "https://registry.npmjs.org/extend/-/extend-3.0.2.tgz",
      "integrity": "sha512-fjquC59cD7CyW6urNXK0FBufkZcoiGG80wTuPujX590cB5Ttln20E2UB4S/WARVqhXffZl2LNgS+gQdPIIim/g=="
    },
    "extsprintf": {
      "version": "1.0.2",
      "resolved": "https://registry.npmjs.org/extsprintf/-/extsprintf-1.0.2.tgz",
      "integrity": "sha1-4QgOBljjALBilJkMxw4VAiNf1VA="
    },
    "forever-agent": {
      "version": "0.6.1",
      "resolved": "https://registry.npmjs.org/forever-agent/-/forever-agent-0.6.1.tgz",
      "integrity": "sha1-+8cfDEGt6zf5bFd60e1C2P2sypE="
    },
    "form-data": {
      "version": "2.1.4",
      "resolved": "https://registry.npmjs.org/form-data/-/form-data-2.1.4.tgz",
      "integrity": "sha1-M8GDrPGTJ27KqYFDpp6Uv+4XUNE=",
      "requires": {
        "asynckit": "^0.4.0",
        "combined-stream": "^1.0.5",
        "mime-types": "^2.1.12"
      }
    },
    "getpass": {
      "version": "0.1.7",
      "resolved": "https://registry.npmjs.org/getpass/-/getpass-0.1.7.tgz",
      "integrity": "sha1-Xv+OPmhNVprkyysSgmBOi6YhSfo=",
      "requires": {
        "assert-plus": "^1.0.0"
      },
      "dependencies": {
        "assert-plus": {
          "version": "1.0.0",
          "resolved": "https://registry.npmjs.org/assert-plus/-/assert-plus-1.0.0.tgz",
          "integrity": "sha1-8S4PPF13sLHN2RRpQuTpbB5N1SU="
        }
      }
    },
    "google-oauth-jwt": {
      "version": "0.2.0",
      "resolved": "https://registry.npmjs.org/google-oauth-jwt/-/google-oauth-jwt-0.2.0.tgz",
      "integrity": "sha1-SPV2LQzBFjzyajB2SMghdLaulOc=",
      "requires": {
        "debug": "^2.1.3",
        "request": ">=2.55"
      }
    },
    "har-schema": {
      "version": "1.0.5",
      "resolved": "https://registry.npmjs.org/har-schema/-/har-schema-1.0.5.tgz",
      "integrity": "sha1-0mMTX0MwfALGAq/I/pWXDAFRNp4="
    },
    "har-validator": {
      "version": "4.2.1",
      "resolved": "https://registry.npmjs.org/har-validator/-/har-validator-4.2.1.tgz",
      "integrity": "sha1-M0gdDxu/9gDdID11gSpqX7oALio=",
      "requires": {
        "ajv": "^4.9.1",
        "har-schema": "^1.0.5"
      }
    },
    "hawk": {
      "version": "3.1.3",
      "resolved": "https://registry.npmjs.org/hawk/-/hawk-3.1.3.tgz",
      "integrity": "sha1-B4REvXwWQLD+VA0sm3PVlnjo4cQ=",
      "requires": {
        "boom": "2.x.x",
        "cryptiles": "2.x.x",
        "hoek": "2.x.x",
        "sntp": "1.x.x"
      }
    },
    "hoek": {
      "version": "2.16.3",
      "resolved": "https://registry.npmjs.org/hoek/-/hoek-2.16.3.tgz",
      "integrity": "sha1-ILt0A9POo5jpHcRxCo/xuCdKJe0="
    },
    "http-signature": {
      "version": "1.1.1",
      "resolved": "https://registry.npmjs.org/http-signature/-/http-signature-1.1.1.tgz",
      "integrity": "sha1-33LiZwZs0Kxn+3at+OE0qPvPkb8=",
      "requires": {
        "assert-plus": "^0.2.0",
        "jsprim": "^1.2.2",
        "sshpk": "^1.7.0"
      }
    },
    "is-typedarray": {
      "version": "1.0.0",
      "resolved": "https://registry.npmjs.org/is-typedarray/-/is-typedarray-1.0.0.tgz",
      "integrity": "sha1-5HnICFjfDBsR3dppQPlgEfzaSpo="
    },
    "isstream": {
      "version": "0.1.2",
      "resolved": "https://registry.npmjs.org/isstream/-/isstream-0.1.2.tgz",
      "integrity": "sha1-R+Y/evVa+m+S4VAOaQ64uFKcCZo="
    },
    "jsbn": {
      "version": "0.1.1",
      "resolved": "https://registry.npmjs.org/jsbn/-/jsbn-0.1.1.tgz",
      "integrity": "sha1-peZUwuWi3rXyAdls77yoDA7y9RM="
    },
    "json-schema": {
      "version": "0.2.3",
      "resolved": "https://registry.npmjs.org/json-schema/-/json-schema-0.2.3.tgz",
      "integrity": "sha1-tIDIkuWaLwWVTOcnvT8qTogvnhM="
    },
    "json-stable-stringify": {
      "version": "1.0.1",
      "resolved": "https://registry.npmjs.org/json-stable-stringify/-/json-stable-stringify-1.0.1.tgz",
      "integrity": "sha1-mnWdOcXy/1A/1TAGRu1EX4jE+a8=",
      "requires": {
        "jsonify": "~0.0.0"
      }
    },
    "json-stringify-safe": {
      "version": "5.0.1",
      "resolved": "https://registry.npmjs.org/json-stringify-safe/-/json-stringify-safe-5.0.1.tgz",
      "integrity": "sha1-Epai1Y/UXxmg9s4B1lcB4sc1tus="
    },
    "jsonify": {
      "version": "0.0.0",
      "resolved": "https://registry.npmjs.org/jsonify/-/jsonify-0.0.0.tgz",
      "integrity": "sha1-LHS27kHZPKUbe1qu6PUDYx0lKnM="
    },
    "jsprim": {
      "version": "1.4.0",
      "resolved": "https://registry.npmjs.org/jsprim/-/jsprim-1.4.0.tgz",
      "integrity": "sha1-o7h+QCmNjDgFUtjMdiigu5WiKRg=",
      "requires": {
        "assert-plus": "1.0.0",
        "extsprintf": "1.0.2",
        "json-schema": "0.2.3",
        "verror": "1.3.6"
      },
      "dependencies": {
        "assert-plus": {
          "version": "1.0.0",
          "resolved": "https://registry.npmjs.org/assert-plus/-/assert-plus-1.0.0.tgz",
          "integrity": "sha1-8S4PPF13sLHN2RRpQuTpbB5N1SU="
        }
      }
    },
    "lodash": {
      "version": "4.17.15",
      "resolved": "https://registry.npmjs.org/lodash/-/lodash-4.17.15.tgz",
      "integrity": "sha512-8xOcRHvCjnocdS5cpwXQXVzmmh5e5+saE2QGoeQmbKmRS6J3VQppPOIt0MnmE+4xlZoumy0GPG0D0MVIQbNA1A=="
    },
    "mime-db": {
      "version": "1.27.0",
      "resolved": "https://registry.npmjs.org/mime-db/-/mime-db-1.27.0.tgz",
      "integrity": "sha1-gg9XIpa70g7CXtVeW13oaeVDbrE="
    },
    "mime-types": {
      "version": "2.1.15",
      "resolved": "https://registry.npmjs.org/mime-types/-/mime-types-2.1.15.tgz",
      "integrity": "sha1-pOv1BkCUVpI3uM9wBGd20J/JKu0=",
      "requires": {
        "mime-db": "~1.27.0"
      }
    },
    "moment": {
      "version": "2.26.0",
      "resolved": "https://registry.npmjs.org/moment/-/moment-2.26.0.tgz",
      "integrity": "sha512-oIixUO+OamkUkwjhAVE18rAMfRJNsNe/Stid/gwHSOfHrOtw9EhAY2AHvdKZ/k/MggcYELFCJz/Sn2pL8b8JMw=="
    },
    "moment-duration-format": {
      "version": "2.3.2",
      "resolved": "https://registry.npmjs.org/moment-duration-format/-/moment-duration-format-2.3.2.tgz",
      "integrity": "sha512-cBMXjSW+fjOb4tyaVHuaVE/A5TqkukDWiOfxxAjY+PEqmmBQlLwn+8OzwPiG3brouXKY5Un4pBjAeB6UToXHaQ=="
    },
    "ms": {
      "version": "2.0.0",
      "resolved": "https://registry.npmjs.org/ms/-/ms-2.0.0.tgz",
      "integrity": "sha1-VgiurfwAvmwpAd9fmGF4jeDVl8g="
    },
    "node-fetch": {
      "version": "2.6.0",
      "resolved": "https://registry.npmjs.org/node-fetch/-/node-fetch-2.6.0.tgz",
      "integrity": "sha512-8dG4H5ujfvFiqDmVu9fQ5bOHUC15JMjMY/Zumv26oOvvVJjM67KF8koCWIabKQ1GJIa9r2mMZscBq/TbdOcmNA=="
    },
    "node-google-calendar": {
      "version": "1.1.1",
      "resolved": "https://registry.npmjs.org/node-google-calendar/-/node-google-calendar-1.1.1.tgz",
      "integrity": "sha1-G02LxWeWBLkAF8erclwS1w/+LfY=",
      "requires": {
        "bluebird": "^3.4.1",
        "google-oauth-jwt": "^0.2.0",
        "request-promise": "^4.1.0"
      }
    },
    "oauth-sign": {
      "version": "0.8.2",
      "resolved": "https://registry.npmjs.org/oauth-sign/-/oauth-sign-0.8.2.tgz",
      "integrity": "sha1-Rqarfwrq2N6unsBWV4C31O/rnUM="
    },
    "performance-now": {
      "version": "0.2.0",
      "resolved": "https://registry.npmjs.org/performance-now/-/performance-now-0.2.0.tgz",
      "integrity": "sha1-M+8wxcd9TqIcWlOGnZG1bY8lVeU="
    },
    "prism-media": {
      "version": "1.2.2",
      "resolved": "https://registry.npmjs.org/prism-media/-/prism-media-1.2.2.tgz",
      "integrity": "sha512-I+nkWY212lJ500jLe4tN9tWO7nRiBAVdMv76P9kffZjYhw20raMlW1HSSvS+MLXC9MmbNZCazMrAr+5jEEgTuw=="
    },
    "promise-defer": {
      "version": "1.0.0",
      "resolved": "https://registry.npmjs.org/promise-defer/-/promise-defer-1.0.0.tgz",
      "integrity": "sha1-JagJPxm6tAxiqORkyX0E/kzcCiQ="
    },
    "punycode": {
      "version": "1.4.1",
      "resolved": "https://registry.npmjs.org/punycode/-/punycode-1.4.1.tgz",
      "integrity": "sha1-wNWmOycYgArY4esPpSachN1BhF4="
    },
    "qs": {
      "version": "6.4.0",
      "resolved": "https://registry.npmjs.org/qs/-/qs-6.4.0.tgz",
      "integrity": "sha1-E+JtKK1rD/qpExLNO/cI7TUecjM="
    },
    "request": {
      "version": "2.81.0",
      "resolved": "https://registry.npmjs.org/request/-/request-2.81.0.tgz",
      "integrity": "sha1-xpKJRqDgbF+Nb4qTM0af/aRimKA=",
      "requires": {
        "aws-sign2": "~0.6.0",
        "aws4": "^1.2.1",
        "caseless": "~0.12.0",
        "combined-stream": "~1.0.5",
        "extend": "~3.0.0",
        "forever-agent": "~0.6.1",
        "form-data": "~2.1.1",
        "har-validator": "~4.2.1",
        "hawk": "~3.1.3",
        "http-signature": "~1.1.0",
        "is-typedarray": "~1.0.0",
        "isstream": "~0.1.2",
        "json-stringify-safe": "~5.0.1",
        "mime-types": "~2.1.7",
        "oauth-sign": "~0.8.1",
        "performance-now": "^0.2.0",
        "qs": "~6.4.0",
        "safe-buffer": "^5.0.1",
        "stringstream": "~0.0.4",
        "tough-cookie": "~2.3.0",
        "tunnel-agent": "^0.6.0",
        "uuid": "^3.0.0"
      }
    },
    "request-promise": {
      "version": "4.2.5",
      "resolved": "https://registry.npmjs.org/request-promise/-/request-promise-4.2.5.tgz",
      "integrity": "sha512-ZgnepCykFdmpq86fKGwqntyTiUrHycALuGggpyCZwMvGaZWgxW6yagT0FHkgo5LzYvOaCNvxYwWYIjevSH1EDg==",
      "requires": {
        "bluebird": "^3.5.0",
        "request-promise-core": "1.1.3",
        "stealthy-require": "^1.1.1",
        "tough-cookie": "^2.3.3"
      }
    },
    "request-promise-core": {
      "version": "1.1.3",
      "resolved": "https://registry.npmjs.org/request-promise-core/-/request-promise-core-1.1.3.tgz",
      "integrity": "sha512-QIs2+ArIGQVp5ZYbWD5ZLCY29D5CfWizP8eWnm8FoGD1TX61veauETVQbrV60662V0oFBkrDOuaBI8XgtuyYAQ==",
      "requires": {
        "lodash": "^4.17.15"
      }
    },
    "safe-buffer": {
      "version": "5.0.1",
      "resolved": "https://registry.npmjs.org/safe-buffer/-/safe-buffer-5.0.1.tgz",
      "integrity": "sha1-0mPKVGls2KMGtcplUekt5XkY++c="
    },
    "safer-buffer": {
      "version": "2.1.2",
      "resolved": "https://registry.npmjs.org/safer-buffer/-/safer-buffer-2.1.2.tgz",
      "integrity": "sha512-YZo3K82SD7Riyi0E1EQPojLz7kpepnSQI9IyPbHHg1XXXevb5dJI7tpyN2ADxGcQbHG7vcyRHk0cbwqcQriUtg=="
    },
    "setimmediate": {
      "version": "1.0.5",
      "resolved": "https://registry.npmjs.org/setimmediate/-/setimmediate-1.0.5.tgz",
      "integrity": "sha1-KQy7Iy4waULX1+qbg3Mqt4VvgoU="
    },
    "sntp": {
      "version": "1.0.9",
      "resolved": "https://registry.npmjs.org/sntp/-/sntp-1.0.9.tgz",
      "integrity": "sha1-ZUEYTMkK7qbG57NeJlkIJEPGYZg=",
      "requires": {
        "hoek": "2.x.x"
      }
    },
    "sshpk": {
      "version": "1.16.1",
      "resolved": "https://registry.npmjs.org/sshpk/-/sshpk-1.16.1.tgz",
      "integrity": "sha512-HXXqVUq7+pcKeLqqZj6mHFUMvXtOJt1uoUx09pFW6011inTMxqI8BA8PM95myrIyyKwdnzjdFjLiE6KBPVtJIg==",
      "requires": {
        "asn1": "~0.2.3",
        "assert-plus": "^1.0.0",
        "bcrypt-pbkdf": "^1.0.0",
        "dashdash": "^1.12.0",
        "ecc-jsbn": "~0.1.1",
        "getpass": "^0.1.1",
        "jsbn": "~0.1.0",
        "safer-buffer": "^2.0.2",
        "tweetnacl": "~0.14.0"
      },
      "dependencies": {
        "assert-plus": {
          "version": "1.0.0",
          "resolved": "https://registry.npmjs.org/assert-plus/-/assert-plus-1.0.0.tgz",
          "integrity": "sha1-8S4PPF13sLHN2RRpQuTpbB5N1SU="
        }
      }
    },
    "stealthy-require": {
      "version": "1.1.1",
      "resolved": "https://registry.npmjs.org/stealthy-require/-/stealthy-require-1.1.1.tgz",
      "integrity": "sha1-NbCYdbT/SfJqd35QmzCQoyJr8ks="
    },
    "stringstream": {
      "version": "0.0.6",
      "resolved": "https://registry.npmjs.org/stringstream/-/stringstream-0.0.6.tgz",
      "integrity": "sha512-87GEBAkegbBcweToUrdzf3eLhWNg06FJTebl4BVJz/JgWy8CvEr9dRtX5qWphiynMSQlxxi+QqN0z5T32SLlhA=="
    },
    "strip-ansi": {
      "version": "3.0.1",
      "resolved": "https://registry.npmjs.org/strip-ansi/-/strip-ansi-3.0.1.tgz",
      "integrity": "sha1-ajhfuIU9lS1f8F0Oiq+UJ43GPc8=",
      "requires": {
        "ansi-regex": "^2.0.0"
      }
    },
    "tough-cookie": {
      "version": "2.3.4",
      "resolved": "https://registry.npmjs.org/tough-cookie/-/tough-cookie-2.3.4.tgz",
      "integrity": "sha512-TZ6TTfI5NtZnuyy/Kecv+CnoROnyXn2DN97LontgQpCwsX2XyLYCC0ENhYkehSOwAp8rTQKc/NUIF7BkQ5rKLA==",
      "requires": {
        "punycode": "^1.4.1"
      }
    },
    "tunnel-agent": {
      "version": "0.6.0",
      "resolved": "https://registry.npmjs.org/tunnel-agent/-/tunnel-agent-0.6.0.tgz",
      "integrity": "sha1-J6XeoGs2sEoKmWZ3SykIaPD8QP0=",
      "requires": {
        "safe-buffer": "^5.0.1"
      }
    },
    "tweetnacl": {
      "version": "0.14.5",
      "resolved": "https://registry.npmjs.org/tweetnacl/-/tweetnacl-0.14.5.tgz",
      "integrity": "sha1-WuaBd/GS1EViadEIr6k/+HQ/T2Q="
    },
    "uuid": {
      "version": "3.1.0",
      "resolved": "https://registry.npmjs.org/uuid/-/uuid-3.1.0.tgz",
      "integrity": "sha512-DIWtzUkw04M4k3bf1IcpS2tngXEL26YUD2M0tMDUpnUrz2hgzUBlD55a4FjdLGPvfHxS6uluGWvaVEqgBcVa+g=="
    },
    "verror": {
      "version": "1.3.6",
      "resolved": "https://registry.npmjs.org/verror/-/verror-1.3.6.tgz",
      "integrity": "sha1-z/XfEpRtKX0rqu+qJoniW+AcAFw=",
      "requires": {
        "extsprintf": "1.0.2"
      }
    },
    "wcwidth": {
      "version": "1.0.1",
      "resolved": "https://registry.npmjs.org/wcwidth/-/wcwidth-1.0.1.tgz",
      "integrity": "sha1-8LDc+RW8X/FSivrbLA4XtTLaL+g=",
      "requires": {
        "defaults": "^1.0.3"
      }
    },
    "ws": {
      "version": "7.3.0",
      "resolved": "https://registry.npmjs.org/ws/-/ws-7.3.0.tgz",
      "integrity": "sha512-iFtXzngZVXPGgpTlP1rBqsUK82p9tKqsWRPg5L56egiljujJT3vGAYnHANvFxBieXrTFavhzhxW52jnaWV+w2w=="
    }
  }
}
